{
    "_meta": {
        "hash": {
            "sha256": "37feb9cae45cb2b3a3da215af6a4286f7948ee8e3ab87571bfca00bdec347081"
        },
        "pipfile-spec": 6,
        "requires": {
            "python_version": "3.7"
        },
        "sources": [
            {
                "name": "pypi",
                "url": "https://pypi.org/simple",
                "verify_ssl": true
            },
            {
                "name": "downloadpytorch",
                "url": "https://download.pytorch.org/whl/cu113",
                "verify_ssl": true
            }
        ]
    },
    "default": {
        "certifi": {
            "hashes": [
                "sha256:78884e7c1d4b00ce3cea67b44566851c4343c120abd683433ce934a68ea58872",
                "sha256:d62a0163eb4c2344ac042ab2bdf75399a71a2d8c7d47eac2e2ee91b9d6339569"
            ],
            "version": "==2021.10.8"
        },
        "charset-normalizer": {
            "hashes": [
                "sha256:2857e29ff0d34db842cd7ca3230549d1a697f96ee6d3fb071cfa6c7393832597",
                "sha256:6881edbebdb17b39b4eaaa821b438bf6eddffb4468cf344f09f89def34a8b1df"
            ],
            "markers": "python_version >= '3'",
            "version": "==2.0.12"
        },
        "idna": {
            "hashes": [
                "sha256:84d9dd047ffa80596e0f246e2eab0b391788b0503584e8945f2368256d2735ff",
                "sha256:9d643ff0a55b762d5cdb124b8eaa99c66322e2157b69160bc32796e824360e6d"
            ],
            "markers": "python_version >= '3'",
            "version": "==3.3"
        },
        "numpy": {
            "hashes": [
                "sha256:00c9fa73a6989895b8815d98300a20ac993c49ac36c8277e8ffeaa3631c0dbbb",
                "sha256:025b497014bc33fc23897859350f284323f32a2fff7654697f5a5fc2a19e9939",
                "sha256:08de8472d9f7571f9d51b27b75e827f5296295fa78817032e84464be8bb905bc",
                "sha256:1964db2d4a00348b7a60ee9d013c8cb0c566644a589eaa80995126eac3b99ced",
                "sha256:2a9add27d7fc0fdb572abc3b2486eb3b1395da71e0254c5552b2aad2a18b5441",
                "sha256:2d8adfca843bc46ac199a4645233f13abf2011a0b2f4affc5c37cd552626f27b",
                "sha256:301e408a052fdcda5cdcf03021ebafc3c6ea093021bf9d1aa47c54d48bdad166",
                "sha256:311283acf880cfcc20369201bd75da907909afc4666966c7895cbed6f9d2c640",
                "sha256:341dddcfe3b7b6427a28a27baa59af5ad51baa59bfec3264f1ab287aa3b30b13",
                "sha256:3a5098df115340fb17fc93867317a947e1dcd978c3888c5ddb118366095851f8",
                "sha256:3c978544be9e04ed12016dd295a74283773149b48f507d69b36f91aa90a643e5",
                "sha256:3d893b0871322eaa2f8c7072cdb552d8e2b27645b7875a70833c31e9274d4611",
                "sha256:4fe6a006557b87b352c04596a6e3f12a57d6e5f401d804947bd3188e6b0e0e76",
                "sha256:507c05c7a37b3683eb08a3ff993bd1ee1e6c752f77c2f275260533b265ecdb6c",
                "sha256:58ca1d7c8aef6e996112d0ce873ac9dfa1eaf4a1196b4ff7ff73880a09923ba7",
                "sha256:61bada43d494515d5b122f4532af226fdb5ee08fe5b5918b111279843dc6836a",
                "sha256:69a5a8d71c308d7ef33ef72371c2388a90e3495dbb7993430e674006f94797d5",
                "sha256:6a5928bc6241264dce5ed509e66f33676fc97f464e7a919edc672fb5532221ee",
                "sha256:7b9d6b14fc9a4864b08d1ba57d732b248f0e482c7b2ff55c313137e3ed4d8449",
                "sha256:a7c4b701ca418cd39e28ec3b496e6388fe06de83f5f0cb74794fa31cfa384c02",
                "sha256:a7e8f6216f180f3fd4efb73de5d1eaefb5f5a1ee5b645c67333033e39440e63a",
                "sha256:b545ebadaa2b878c8630e5bcdb97fc4096e779f335fc0f943547c1c91540c815",
                "sha256:c293d3c0321996cd8ffe84215ffe5d269fd9d1d12c6f4ffe2b597a7c30d3e593",
                "sha256:c5562bcc1a9b61960fc8950ade44d00e3de28f891af0acc96307c73613d18f6e",
                "sha256:ca9c23848292c6fe0a19d212790e62f398fd9609aaa838859be8459bfbe558aa",
                "sha256:cc1b30205d138d1005adb52087ff45708febbef0e420386f58664f984ef56954",
                "sha256:dbce7adeb66b895c6aaa1fad796aaefc299ced597f6fbd9ceddb0dd735245354",
                "sha256:dc4b2fb01f1b4ddbe2453468ea0719f4dbb1f5caa712c8b21bb3dd1480cd30d9",
                "sha256:eed2afaa97ec33b4411995be12f8bdb95c87984eaa28d76cf628970c8a2d689a",
                "sha256:fc7a7d7b0ed72589fd8b8486b9b42a564f10b8762be8bd4d9df94b807af4a089"
            ],
            "markers": "python_version < '3.11' and python_full_version >= '3.7.0'",
            "version": "==1.21.5"
        },
        "pillow": {
            "hashes": [
                "sha256:01ce45deec9df310cbbee11104bae1a2a43308dd9c317f99235b6d3080ddd66e",
                "sha256:0c51cb9edac8a5abd069fd0758ac0a8bfe52c261ee0e330f363548aca6893595",
                "sha256:17869489de2fce6c36690a0c721bd3db176194af5f39249c1ac56d0bb0fcc512",
                "sha256:21dee8466b42912335151d24c1665fcf44dc2ee47e021d233a40c3ca5adae59c",
                "sha256:25023a6209a4d7c42154073144608c9a71d3512b648a2f5d4465182cb93d3477",
                "sha256:255c9d69754a4c90b0ee484967fc8818c7ff8311c6dddcc43a4340e10cd1636a",
                "sha256:35be4a9f65441d9982240e6966c1eaa1c654c4e5e931eaf580130409e31804d4",
                "sha256:3f42364485bfdab19c1373b5cd62f7c5ab7cc052e19644862ec8f15bb8af289e",
                "sha256:3fddcdb619ba04491e8f771636583a7cc5a5051cd193ff1aa1ee8616d2a692c5",
                "sha256:463acf531f5d0925ca55904fa668bb3461c3ef6bc779e1d6d8a488092bdee378",
                "sha256:4fe29a070de394e449fd88ebe1624d1e2d7ddeed4c12e0b31624561b58948d9a",
                "sha256:55dd1cf09a1fd7c7b78425967aacae9b0d70125f7d3ab973fadc7b5abc3de652",
                "sha256:5a3ecc026ea0e14d0ad7cd990ea7f48bfcb3eb4271034657dc9d06933c6629a7",
                "sha256:5cfca31ab4c13552a0f354c87fbd7f162a4fafd25e6b521bba93a57fe6a3700a",
                "sha256:66822d01e82506a19407d1afc104c3fcea3b81d5eb11485e593ad6b8492f995a",
                "sha256:69e5ddc609230d4408277af135c5b5c8fe7a54b2bdb8ad7c5100b86b3aab04c6",
                "sha256:6b6d4050b208c8ff886fd3db6690bf04f9a48749d78b41b7a5bf24c236ab0165",
                "sha256:7a053bd4d65a3294b153bdd7724dce864a1d548416a5ef61f6d03bf149205160",
                "sha256:82283af99c1c3a5ba1da44c67296d5aad19f11c535b551a5ae55328a317ce331",
                "sha256:8782189c796eff29dbb37dd87afa4ad4d40fc90b2742704f94812851b725964b",
                "sha256:8d79c6f468215d1a8415aa53d9868a6b40c4682165b8cb62a221b1baa47db458",
                "sha256:97bda660702a856c2c9e12ec26fc6d187631ddfd896ff685814ab21ef0597033",
                "sha256:a325ac71914c5c043fa50441b36606e64a10cd262de12f7a179620f579752ff8",
                "sha256:a336a4f74baf67e26f3acc4d61c913e378e931817cd1e2ef4dfb79d3e051b481",
                "sha256:a598d8830f6ef5501002ae85c7dbfcd9c27cc4efc02a1989369303ba85573e58",
                "sha256:a5eaf3b42df2bcda61c53a742ee2c6e63f777d0e085bbc6b2ab7ed57deb13db7",
                "sha256:aea7ce61328e15943d7b9eaca87e81f7c62ff90f669116f857262e9da4057ba3",
                "sha256:af79d3fde1fc2e33561166d62e3b63f0cc3e47b5a3a2e5fea40d4917754734ea",
                "sha256:c24f718f9dd73bb2b31a6201e6db5ea4a61fdd1d1c200f43ee585fc6dcd21b34",
                "sha256:c5b0ff59785d93b3437c3703e3c64c178aabada51dea2a7f2c5eccf1bcf565a3",
                "sha256:c7110ec1701b0bf8df569a7592a196c9d07c764a0a74f65471ea56816f10e2c8",
                "sha256:c870193cce4b76713a2b29be5d8327c8ccbe0d4a49bc22968aa1e680930f5581",
                "sha256:c9efef876c21788366ea1f50ecb39d5d6f65febe25ad1d4c0b8dff98843ac244",
                "sha256:de344bcf6e2463bb25179d74d6e7989e375f906bcec8cb86edb8b12acbc7dfef",
                "sha256:eb1b89b11256b5b6cad5e7593f9061ac4624f7651f7a8eb4dfa37caa1dfaa4d0",
                "sha256:ed742214068efa95e9844c2d9129e209ed63f61baa4d54dbf4cf8b5e2d30ccf2",
                "sha256:f401ed2bbb155e1ade150ccc63db1a4f6c1909d3d378f7d1235a44e90d75fb97",
                "sha256:fb89397013cf302f282f0fc998bb7abf11d49dcff72c8ecb320f76ea6e2c5717"
            ],
            "markers": "python_full_version >= '3.7.0'",
            "version": "==9.1.0"
        },
        "requests": {
            "hashes": [
                "sha256:68d7c56fd5a8999887728ef304a6d12edc7be74f1cfa47714fc8b414525c9a61",
                "sha256:f22fa1e554c9ddfd16e6e41ac79759e17be9e492b3587efa038054674760e72d"
            ],
            "markers": "python_version >= '2.7' and python_version not in '3.0, 3.1, 3.2, 3.3, 3.4, 3.5'",
            "version": "==2.27.1"
        },
        "torch": {
            "hashes": [
                "sha256:0ccc85cd06227a3edf809e2c795fd5762c3d4e8a38b5c9f744c6e7cf841361bb",
                "sha256:0e48af66ad755f0f9c5f2664028a414f57c49d6adc37e77e06fe0004da4edb61",
                "sha256:34ce5ea4d8d85da32cdbadb50d4585106901e9f8a3527991daa70c13a09de1f7",
                "sha256:4322aa29f50da7f404db06cdf30896ea67b09f673af4a985afc7162bc897864d",
                "sha256:44a1d02fd20f827f0f36dc26fdcfc45e793806a6ad52769a22260655a77a4369",
                "sha256:50fd9bf85c578c871c28f1cb0ace9dfc6024401c7f399b174fb0f370899f4454",
                "sha256:58c7814502b1c129a650d7092033bbb0bbd64faf1a7941631aaa1aeaddc37570",
                "sha256:5d77b5ece78fdafa5c7f42995ff9474399d22571cd6b2de21a5d666306a2ff8c",
                "sha256:62052b50fffc29ca7afc0c04ef8206b6f1ca9d10629cb543077e12967e8d0398",
                "sha256:6860b1d1bf0bb0b67a6bd47f85a0e4c825b518eea13b5d6101999dbbcbd5bc0c",
                "sha256:831cf588f01dda9409e75576741d2823453990dee2983d670f2584b37a01adf7",
                "sha256:866bfba29ac98dec35d893d8e17eaec149d0ac7a53be7baae5c98069897db667",
                "sha256:8ee7c2e8d7f7020d5bfbc1bb91b9591044c26bbd0cee5e4f694cfd7ed8649260",
                "sha256:951640fb8db308a59d9b510e7d1ad910aff92913323bbe4bc75435347ddd346d",
                "sha256:b5a38682769b544c875ecc34bcb81fbad5c922139b61319aacffcfd8a32f528c",
                "sha256:b96654d42566080a134e784705f33f8536b3b95b5dcde357ed7879b1692a5f78",
                "sha256:c1554e49d74f1b2c3e7202d77056ba2dd7465437585bac64062b580f714a44e9",
                "sha256:e4d2e0ddd652f30e94cff750220324ec45705d4ecc69658f773b3cb1c7a28dd0",
                "sha256:f82d77695a60626f2b7382d85bc566de8a6b3e50d32080755abc040db802e419"
            ],
            "index": "pypi",
            "version": "==1.11.0"
        },
        "torchaudio": {
            "hashes": [
                "sha256:21837810b14fec5fbd21055f8153f608f4957d8a563055402913a3da6bf602de",
                "sha256:317fd8ec39fddb3af1dad906593b9ecdc3edf68e7f5780c42f8de956585ae480",
                "sha256:3a3964f8a50cdeba8a02d20f07305853650a2dc3fb604a2334dce6b68cf8ea38",
                "sha256:4d45833276a34ba0cdc9743b93141e6dbf17950091bb07940a30a6bf6cb80f05",
                "sha256:4e70645a1b77a89d9f40406f1a5b9af724f726a5c13bc2be55381e72b0fa63b6",
                "sha256:70d8bc07f277608d23a9aa08db3fbaf035660254bc12d9b361640c4556777559",
                "sha256:771bb585311306c416de6ca20f60eb6940bff8f5e3b43fd8204f22d37e794ac2",
                "sha256:77add44d291a8a97f3a607cef053f009a27296f5d99f33082c57c4e6c326fafc",
                "sha256:7bcd958c31071accc8147f4781acd64743e37fcdc72c06b6eaa37dc88fb1ee28",
                "sha256:7eb1376d2ed2693ada562841500ff84a8be40b63c859d10fb70e423af5f6c2fb",
                "sha256:8363e3db0a8af5820fd7d3bf8396a0af23dc8221c9a9d4b60e2e389805492944",
                "sha256:9d1196a0f21041f60e915c2aa1b3fa9734d23f3b56f78794b2684cbd498a9dcb",
                "sha256:a2f27bd7b53c5a3d91b120b8291a46fb09ba3e5aa4e54dd5c8fe47fbb8f7d848",
                "sha256:b9a4d3e1ab611161c065ed2106804833ff4b85f64d84021ec590468363169f9d",
                "sha256:cd938f5e4a9456112574f28c493422525095c0fa27bd41215ff9d27999e52a2c",
                "sha256:d3a3b2cceb95f04ed936da33bc53bd666dab0715a79db33ae4719852241dc2d2",
                "sha256:e5e5513fcdd57870061965befbf0765787b25f499c3e00b58f4d844e44183177",
                "sha256:eff169d339d671b44bd777188be62861f4a3fca0779ecaa37518218e1e90978e",
                "sha256:f4e9dda9e8d3ce0bbd5e791926219f5054b8b85365c79be2ee90333acf9adbfc"
            ],
            "index": "pypi",
            "version": "==0.11.0"
        },
        "torchvision": {
            "hashes": [
                "sha256:0744902f2265d4c3e83c44a06b567df312e4a9faf8c92620016c7bed7056b5a7",
                "sha256:24d03fcaa28004c64a24124ac4a894c50f5948c8eb290e398d6c76fff2bc678f",
                "sha256:36dfdf6451fe3072ab15118982853b848896c0fd3b26cb8135e1e7981dbb0916",
                "sha256:49ed7886b93b80c9733462edd06a07f8d4c6ea4d5bd2894e7268f7a3774f4f7d",
                "sha256:693656e6790b6ab21e4a6e87e81c2982bad9e455b5eb24e14bb672382ec6130f",
                "sha256:69d82f47b67bad6ddcbb87833ba5950a6c271ba97baae4c0955610071bf034f5",
                "sha256:894dacdc64b6e35e3f330722db51c76f4de016c7bf7bd79cf02ed2f4c106e625",
                "sha256:9017248c7e526c8cdcaaab8cf41d904a520a409d707398189a06d0757901d235",
                "sha256:926666f0b893dce6619759c19b0dd3884af7a9d7022b10395653659d28e43c48",
                "sha256:9771231639afb5973cdaea1d449b451e2982e1ef5410ca67bbdc2b465565573a",
                "sha256:9f42420f7f0b29cd3d61776df3157827257a0cf16b2c02776dc16c96abb1256d",
                "sha256:a0be4501ca0ba1b195644c9243f49a1c49a26e52a7f37924c4239d0bf5ecbd8d",
                "sha256:a91db01496932350bf9c0ee8607ac8ef31c3ebfdaedefe5c5cda0515317f8b8e",
                "sha256:aac76d52c5ce4229cb0eaebb762f3391fa736565eb35a4184fa0f7be30b705cd",
                "sha256:b93a767f44e3933cb3b01a6fe9727db54590f57b7dac09d5aaf15966c6c151dd",
                "sha256:c225f55c1bfce027a03f4ca46ddb9559c83f8087c2880bed3261a76c49bb7996",
                "sha256:d1ccb53836ba886320dcda12d00ee8b5f8f38b6c36d7906f141d25778cf74104",
                "sha256:ebfb47adf65bf3926b990b2c4767e291f135e259e03232e0e1a30ecdb05eb087",
                "sha256:edab05f7ba9f648c00435b384ffdbd7bde79a3b8ea893813fb50f6ccf28b1e76"
            ],
            "index": "pypi",
            "version": "==0.12.0"
        },
        "typing-extensions": {
            "hashes": [
                "sha256:1a9462dcc3347a79b1f1c0271fbe79e844580bb598bafa1ed208b94da3cdcd42",
                "sha256:21c85e0fe4b9a155d0799430b0ad741cdce7e359660ccbd8b530613e8df88ce2"
            ],
            "markers": "python_version >= '3.6'",
            "version": "==4.1.1"
        },
        "urllib3": {
            "hashes": [
                "sha256:44ece4d53fb1706f667c9bd1c648f5469a2ec925fcf3a776667042d645472c14",
                "sha256:aabaf16477806a5e1dd19aa41f8c2b7950dd3c746362d7e3223dbe6de6ac448e"
            ],
            "markers": "python_version >= '2.7' and python_version not in '3.0, 3.1, 3.2, 3.3, 3.4' and python_version < '4'",
            "version": "==1.26.9"
        }
    },
    "develop": {}
}
